
Microsoft Visual Studio Solution File, Format Version 12.00
# Visual Studio Version 16
VisualStudioVersion = 16.0.34114.132
MinimumVisualStudioVersion = 10.0.40219.1
Project("{FAE04EC0-301F-11D3-BF4B-00C04F79EFBC}") = "MusicPlayerApp", "MusicPlayerApp\MusicPlayerApp.csproj", "{007E29F3-8D7C-4A1E-BACA-FC0E9725684A}"
EndProject
Global
	GlobalSection(SolutionConfigurationPlatforms) = preSolution
		Debug|Any CPU = Debug|Any CPU
		Release|Any CPU = Release|Any CPU
	EndGlobalSection
	GlobalSection(ProjectConfigurationPlatforms) = postSolution
		{007E29F3-8D7C-4A1E-BACA-FC0E9725684A}.Debug|Any CPU.ActiveCfg = Debug|Any CPU
		{007E29F3-8D7C-4A1E-BACA-FC0E9725684A}.Debug|Any CPU.Build.0 = Debug|Any CPU
		{007E29F3-8D7C-4A1E-BACA-FC0E9725684A}.Release|Any CPU.ActiveCfg = Release|Any CPU
		{007E29F3-8D7C-4A1E-BACA-FC0E9725684A}.Release|Any CPU.Build.0 = Release|Any CPU
	EndGlobalSection
	GlobalSection(SolutionProperties) = preSolution
		HideSolutionNode = FALSE
	EndGlobalSection
	GlobalSection(ExtensibilityGlobals) = postSolution
		SolutionGuid = {D098D77F-B7C5-4A43-8FB6-6D23A6F78768}
	EndGlobalSection
EndGlobal
